// !$*UTF8*$!
{
	archiveVersion = 1;
	classes = {
	};
	objectVersion = 55;
	objects = {

/* Begin PBXBuildFile section */
		F505D88327F6C41B008ABC6A /* AppDelegate.swift in Sources */ = {isa = PBXBuildFile; fileRef = F505D88227F6C41B008ABC6A /* AppDelegate.swift */; };
		F505D88A27F6C41B008ABC6A /* Main.storyboard in Resources */ = {isa = PBXBuildFile; fileRef = F505D88827F6C41B008ABC6A /* Main.storyboard */; };
		F505D88D27F6C41B008ABC6A /* StudentsDataApp.xcdatamodeld in Sources */ = {isa = PBXBuildFile; fileRef = F505D88B27F6C41B008ABC6A /* StudentsDataApp.xcdatamodeld */; };
		F505D88F27F6C41F008ABC6A /* Assets.xcassets in Resources */ = {isa = PBXBuildFile; fileRef = F505D88E27F6C41F008ABC6A /* Assets.xcassets */; };
		F505D89227F6C41F008ABC6A /* LaunchScreen.storyboard in Resources */ = {isa = PBXBuildFile; fileRef = F505D89027F6C41F008ABC6A /* LaunchScreen.storyboard */; };
		F505D8A327F6C4AB008ABC6A /* StudentListVC.swift in Sources */ = {isa = PBXBuildFile; fileRef = F505D8A227F6C4AB008ABC6A /* StudentListVC.swift */; };
		F505D8A527F6C4BA008ABC6A /* StudentAddVC.swift in Sources */ = {isa = PBXBuildFile; fileRef = F505D8A427F6C4BA008ABC6A /* StudentAddVC.swift */; };
		F505D8A727F6C4CD008ABC6A /* StudentListView.swift in Sources */ = {isa = PBXBuildFile; fileRef = F505D8A627F6C4CD008ABC6A /* StudentListView.swift */; };
		F505D8A927F6C4DA008ABC6A /* StudentAddView.swift in Sources */ = {isa = PBXBuildFile; fileRef = F505D8A827F6C4DA008ABC6A /* StudentAddView.swift */; };
		F505D8AC27F6C705008ABC6A /* StudentListTBCell.swift in Sources */ = {isa = PBXBuildFile; fileRef = F505D8AB27F6C705008ABC6A /* StudentListTBCell.swift */; };
		F505D8AF27F6CCA3008ABC6A /* PickerViewTextField.swift in Sources */ = {isa = PBXBuildFile; fileRef = F505D8AE27F6CCA3008ABC6A /* PickerViewTextField.swift */; };
		F505D8B427F6D9EA008ABC6A /* LocalDataBase.swift in Sources */ = {isa = PBXBuildFile; fileRef = F505D8B327F6D9EA008ABC6A /* LocalDataBase.swift */; };
		F505D8B727F6E8F3008ABC6A /* LocalDBModel.swift in Sources */ = {isa = PBXBuildFile; fileRef = F505D8B627F6E8F3008ABC6A /* LocalDBModel.swift */; };
		F505D8BA27F6E9A6008ABC6A /* UIKitExtension.swift in Sources */ = {isa = PBXBuildFile; fileRef = F505D8B927F6E9A6008ABC6A /* UIKitExtension.swift */; };
/* End PBXBuildFile section */

/* Begin PBXFileReference section */
		F505D87F27F6C41B008ABC6A /* StudentsDataApp.app */ = {isa = PBXFileReference; explicitFileType = wrapper.application; includeInIndex = 0; path = StudentsDataApp.app; sourceTree = BUILT_PRODUCTS_DIR; };
		F505D88227F6C41B008ABC6A /* AppDelegate.swift */ = {isa = PBXFileReference; lastKnownFileType = sourcecode.swift; path = AppDelegate.swift; sourceTree = "<group>"; };
		F505D88927F6C41B008ABC6A /* Base */ = {isa = PBXFileReference; lastKnownFileType = file.storyboard; name = Base; path = Base.lproj/Main.storyboard; sourceTree = "<group>"; };
		F505D88C27F6C41B008ABC6A /* StudentsDataApp.xcdatamodel */ = {isa = PBXFileReference; lastKnownFileType = wrapper.xcdatamodel; path = StudentsDataApp.xcdatamodel; sourceTree = "<group>"; };
		F505D88E27F6C41F008ABC6A /* Assets.xcassets */ = {isa = PBXFileReference; lastKnownFileType = folder.assetcatalog; path = Assets.xcassets; sourceTree = "<group>"; };
		F505D89127F6C41F008ABC6A /* Base */ = {isa = PBXFileReference; lastKnownFileType = file.storyboard; name = Base; path = Base.lproj/LaunchScreen.storyboard; sourceTree = "<group>"; };
		F505D89327F6C41F008ABC6A /* Info.plist */ = {isa = PBXFileReference; lastKnownFileType = text.plist.xml; path = Info.plist; sourceTree = "<group>"; };
		F505D8A227F6C4AB008ABC6A /* StudentListVC.swift */ = {isa = PBXFileReference; lastKnownFileType = sourcecode.swift; path = StudentListVC.swift; sourceTree = "<group>"; };
		F505D8A427F6C4BA008ABC6A /* StudentAddVC.swift */ = {isa = PBXFileReference; lastKnownFileType = sourcecode.swift; path = StudentAddVC.swift; sourceTree = "<group>"; };
		F505D8A627F6C4CD008ABC6A /* StudentListView.swift */ = {isa = PBXFileReference; lastKnownFileType = sourcecode.swift; path = StudentListView.swift; sourceTree = "<group>"; };
		F505D8A827F6C4DA008ABC6A /* StudentAddView.swift */ = {isa = PBXFileReference; lastKnownFileType = sourcecode.swift; path = StudentAddView.swift; sourceTree = "<group>"; };
		F505D8AB27F6C705008ABC6A /* StudentListTBCell.swift */ = {isa = PBXFileReference; lastKnownFileType = sourcecode.swift; path = StudentListTBCell.swift; sourceTree = "<group>"; };
		F505D8AE27F6CCA3008ABC6A /* PickerViewTextField.swift */ = {isa = PBXFileReference; fileEncoding = 4; lastKnownFileType = sourcecode.swift; path = PickerViewTextField.swift; sourceTree = "<group>"; };
		F505D8B327F6D9EA008ABC6A /* LocalDataBase.swift */ = {isa = PBXFileReference; lastKnownFileType = sourcecode.swift; path = LocalDataBase.swift; sourceTree = "<group>"; };
		F505D8B627F6E8F3008ABC6A /* LocalDBModel.swift */ = {isa = PBXFileReference; lastKnownFileType = sourcecode.swift; path = LocalDBModel.swift; sourceTree = "<group>"; };
		F505D8B927F6E9A6008ABC6A /* UIKitExtension.swift */ = {isa = PBXFileReference; lastKnownFileType = sourcecode.swift; path = UIKitExtension.swift; sourceTree = "<group>"; };
/* End PBXFileReference section */

/* Begin PBXFrameworksBuildPhase section */
		F505D87C27F6C41B008ABC6A /* Frameworks */ = {
			isa = PBXFrameworksBuildPhase;
			buildActionMask = 2147483647;
			files = (
			);
			runOnlyForDeploymentPostprocessing = 0;
		};
/* End PBXFrameworksBuildPhase section */

/* Begin PBXGroup section */
		F505D87627F6C41A008ABC6A = {
			isa = PBXGroup;
			children = (
				F505D88127F6C41B008ABC6A /* StudentsDataApp */,
				F505D88027F6C41B008ABC6A /* Products */,
			);
			sourceTree = "<group>";
		};
		F505D88027F6C41B008ABC6A /* Products */ = {
			isa = PBXGroup;
			children = (
				F505D87F27F6C41B008ABC6A /* StudentsDataApp.app */,
			);
			name = Products;
			sourceTree = "<group>";
		};
		F505D88127F6C41B008ABC6A /* StudentsDataApp */ = {
			isa = PBXGroup;
			children = (
				F505D88227F6C41B008ABC6A /* AppDelegate.swift */,
				F505D89D27F6C468008ABC6A /* Helper */,
				F505D89C27F6C463008ABC6A /* Model */,
				F505D89B27F6C45C008ABC6A /* View */,
				F505D89A27F6C446008ABC6A /* Controller */,
				F505D88827F6C41B008ABC6A /* Main.storyboard */,
				F505D88E27F6C41F008ABC6A /* Assets.xcassets */,
				F505D89027F6C41F008ABC6A /* LaunchScreen.storyboard */,
				F505D89327F6C41F008ABC6A /* Info.plist */,
				F505D88B27F6C41B008ABC6A /* StudentsDataApp.xcdatamodeld */,
			);
			path = StudentsDataApp;
			sourceTree = "<group>";
		};
		F505D89A27F6C446008ABC6A /* Controller */ = {
			isa = PBXGroup;
			children = (
				F505D8A027F6C487008ABC6A /* StudentAddVC */,
				F505D89E27F6C474008ABC6A /* StudentListVC */,
			);
			path = Controller;
			sourceTree = "<group>";
		};
		F505D89B27F6C45C008ABC6A /* View */ = {
			isa = PBXGroup;
			children = (
				F505D8A127F6C490008ABC6A /* StudentAddView */,
				F505D89F27F6C47D008ABC6A /* StudentListView */,
			);
			path = View;
			sourceTree = "<group>";
		};
		F505D89C27F6C463008ABC6A /* Model */ = {
			isa = PBXGroup;
			children = (
				F505D8B527F6E8DB008ABC6A /* LocalDBModel */,
			);
			path = Model;
			sourceTree = "<group>";
		};
		F505D89D27F6C468008ABC6A /* Helper */ = {
			isa = PBXGroup;
			children = (
				F505D8B827F6E98E008ABC6A /* UIKitExtension */,
				F505D8B027F6D96E008ABC6A /* LocalDB */,
				F505D8AD27F6CC8D008ABC6A /* PickerHelper */,
			);
			path = Helper;
			sourceTree = "<group>";
		};
		F505D89E27F6C474008ABC6A /* StudentListVC */ = {
			isa = PBXGroup;
			children = (
				F505D8A227F6C4AB008ABC6A /* StudentListVC.swift */,
			);
			path = StudentListVC;
			sourceTree = "<group>";
		};
		F505D89F27F6C47D008ABC6A /* StudentListView */ = {
			isa = PBXGroup;
			children = (
				F505D8AA27F6C6DF008ABC6A /* TableViewCell */,
				F505D8A627F6C4CD008ABC6A /* StudentListView.swift */,
			);
			path = StudentListView;
			sourceTree = "<group>";
		};
		F505D8A027F6C487008ABC6A /* StudentAddVC */ = {
			isa = PBXGroup;
			children = (
				F505D8A427F6C4BA008ABC6A /* StudentAddVC.swift */,
			);
			path = StudentAddVC;
			sourceTree = "<group>";
		};
		F505D8A127F6C490008ABC6A /* StudentAddView */ = {
			isa = PBXGroup;
			children = (
				F505D8A827F6C4DA008ABC6A /* StudentAddView.swift */,
			);
			path = StudentAddView;
			sourceTree = "<group>";
		};
		F505D8AA27F6C6DF008ABC6A /* TableViewCell */ = {
			isa = PBXGroup;
			children = (
				F505D8AB27F6C705008ABC6A /* StudentListTBCell.swift */,
			);
			path = TableViewCell;
			sourceTree = "<group>";
		};
		F505D8AD27F6CC8D008ABC6A /* PickerHelper */ = {
			isa = PBXGroup;
			children = (
				F505D8AE27F6CCA3008ABC6A /* PickerViewTextField.swift */,
			);
			path = PickerHelper;
			sourceTree = "<group>";
		};
		F505D8B027F6D96E008ABC6A /* LocalDB */ = {
			isa = PBXGroup;
			children = (
				F505D8B327F6D9EA008ABC6A /* LocalDataBase.swift */,
			);
			path = LocalDB;
			sourceTree = "<group>";
		};
		F505D8B527F6E8DB008ABC6A /* LocalDBModel */ = {
			isa = PBXGroup;
			children = (
				F505D8B627F6E8F3008ABC6A /* LocalDBModel.swift */,
			);
			path = LocalDBModel;
			sourceTree = "<group>";
		};
		F505D8B827F6E98E008ABC6A /* UIKitExtension */ = {
			isa = PBXGroup;
			children = (
				F505D8B927F6E9A6008ABC6A /* UIKitExtension.swift */,
			);
			path = UIKitExtension;
			sourceTree = "<group>";
		};
/* End PBXGroup section */

/* Begin PBXNativeTarget section */
		F505D87E27F6C41B008ABC6A /* StudentsDataApp */ = {
			isa = PBXNativeTarget;
			buildConfigurationList = F505D89627F6C41F008ABC6A /* Build configuration list for PBXNativeTarget "StudentsDataApp" */;
			buildPhases = (
				F505D87B27F6C41B008ABC6A /* Sources */,
				F505D87C27F6C41B008ABC6A /* Frameworks */,
				F505D87D27F6C41B008ABC6A /* Resources */,
			);
			buildRules = (
			);
			dependencies = (
			);
			name = StudentsDataApp;
			productName = StudentsDataApp;
			productReference = F505D87F27F6C41B008ABC6A /* StudentsDataApp.app */;
			productType = "com.apple.product-type.application";
		};
/* End PBXNativeTarget section */

/* Begin PBXProject section */
		F505D87727F6C41A008ABC6A /* Project object */ = {
			isa = PBXProject;
			attributes = {
				BuildIndependentTargetsInParallel = 1;
				LastSwiftUpdateCheck = 1310;
				LastUpgradeCheck = 1310;
				TargetAttributes = {
					F505D87E27F6C41B008ABC6A = {
						CreatedOnToolsVersion = 13.1;
					};
				};
			};
			buildConfigurationList = F505D87A27F6C41A008ABC6A /* Build configuration list for PBXProject "StudentsDataApp" */;
			compatibilityVersion = "Xcode 13.0";
			developmentRegion = en;
			hasScannedForEncodings = 0;
			knownRegions = (
				en,
				Base,
			);
			mainGroup = F505D87627F6C41A008ABC6A;
			productRefGroup = F505D88027F6C41B008ABC6A /* Products */;
			projectDirPath = "";
			projectRoot = "";
			targets = (
				F505D87E27F6C41B008ABC6A /* StudentsDataApp */,
			);
		};
/* End PBXProject section */

/* Begin PBXResourcesBuildPhase section */
		F505D87D27F6C41B008ABC6A /* Resources */ = {
			isa = PBXResourcesBuildPhase;
			buildActionMask = 2147483647;
			files = (
				F505D89227F6C41F008ABC6A /* LaunchScreen.storyboard in Resources */,
				F505D88F27F6C41F008ABC6A /* Assets.xcassets in Resources */,
				F505D88A27F6C41B008ABC6A /* Main.storyboard in Resources */,
			);
			runOnlyForDeploymentPostprocessing = 0;
		};
/* End PBXResourcesBuildPhase section */

/* Begin PBXSourcesBuildPhase section */
		F505D87B27F6C41B008ABC6A /* Sources */ = {
			isa = PBXSourcesBuildPhase;
			buildActionMask = 2147483647;
			files = (
				F505D88D27F6C41B008ABC6A /* StudentsDataApp.xcdatamodeld in Sources */,
				F505D88327F6C41B008ABC6A /* AppDelegate.swift in Sources */,
				F505D8A727F6C4CD008ABC6A /* StudentListView.swift in Sources */,
				F505D8B727F6E8F3008ABC6A /* LocalDBModel.swift in Sources */,
				F505D8A527F6C4BA008ABC6A /* StudentAddVC.swift in Sources */,
				F505D8AC27F6C705008ABC6A /* StudentListTBCell.swift in Sources */,
				F505D8A927F6C4DA008ABC6A /* StudentAddView.swift in Sources */,
				F505D8B427F6D9EA008ABC6A /* LocalDataBase.swift in Sources */,
				F505D8AF27F6CCA3008ABC6A /* PickerViewTextField.swift in Sources */,
				F505D8BA27F6E9A6008ABC6A /* UIKitExtension.swift in Sources */,
				F505D8A327F6C4AB008ABC6A /* StudentListVC.swift in Sources */,
			);
			runOnlyForDeploymentPostprocessing = 0;
		};
/* End PBXSourcesBuildPhase section */

/* Begin PBXVariantGroup section */
		F505D88827F6C41B008ABC6A /* Main.storyboard */ = {
			isa = PBXVariantGroup;
			children = (
				F505D88927F6C41B008ABC6A /* Base */,
			);
			name = Main.storyboard;
			sourceTree = "<group>";
		};
		F505D89027F6C41F008ABC6A /* LaunchScreen.storyboard */ = {
			isa = PBXVariantGroup;
			children = (
				F505D89127F6C41F008ABC6A /* Base */,
			);
			name = LaunchScreen.storyboard;
			sourceTree = "<group>";
		};
/* End PBXVariantGroup section */

/* Begin XCBuildConfiguration section */
		F505D89427F6C41F008ABC6A /* Debug */ = {
			isa = XCBuildConfiguration;
			buildSettings = {
				ALWAYS_SEARCH_USER_PATHS = NO;
				CLANG_ANALYZER_NONNULL = YES;
				CLANG_ANALYZER_NUMBER_OBJECT_CONVERSION = YES_AGGRESSIVE;
				CLANG_CXX_LANGUAGE_STANDARD = "gnu++17";
				CLANG_CXX_LIBRARY = "libc++";
				CLANG_ENABLE_MODULES = YES;
				CLANG_ENABLE_OBJC_ARC = YES;
				CLANG_ENABLE_OBJC_WEAK = YES;
				CLANG_WARN_BLOCK_CAPTURE_AUTORELEASING = YES;
				CLANG_WARN_BOOL_CONVERSION = YES;
				CLANG_WARN_COMMA = YES;
				CLANG_WARN_CONSTANT_CONVERSION = YES;
				CLANG_WARN_DEPRECATED_OBJC_IMPLEMENTATIONS = YES;
				CLANG_WARN_DIRECT_OBJC_ISA_USAGE = YES_ERROR;
				CLANG_WARN_DOCUMENTATION_COMMENTS = YES;
				CLANG_WARN_EMPTY_BODY = YES;
				CLANG_WARN_ENUM_CONVERSION = YES;
				CLANG_WARN_INFINITE_RECURSION = YES;
				CLANG_WARN_INT_CONVERSION = YES;
				CLANG_WARN_NON_LITERAL_NULL_CONVERSION = YES;
				CLANG_WARN_OBJC_IMPLICIT_RETAIN_SELF = YES;
				CLANG_WARN_OBJC_LITERAL_CONVERSION = YES;
				CLANG_WARN_OBJC_ROOT_CLASS = YES_ERROR;
				CLANG_WARN_QUOTED_INCLUDE_IN_FRAMEWORK_HEADER = YES;
				CLANG_WARN_RANGE_LOOP_ANALYSIS = YES;
				CLANG_WARN_STRICT_PROTOTYPES = YES;
				CLANG_WARN_SUSPICIOUS_MOVE = YES;
				CLANG_WARN_UNGUARDED_AVAILABILITY = YES_AGGRESSIVE;
				CLANG_WARN_UNREACHABLE_CODE = YES;
				CLANG_WARN__DUPLICATE_METHOD_MATCH = YES;
				COPY_PHASE_STRIP = NO;
				DEBUG_INFORMATION_FORMAT = dwarf;
				ENABLE_STRICT_OBJC_MSGSEND = YES;
				ENABLE_TESTABILITY = YES;
				GCC_C_LANGUAGE_STANDARD = gnu11;
				GCC_DYNAMIC_NO_PIC = NO;
				GCC_NO_COMMON_BLOCKS = YES;
				GCC_OPTIMIZATION_LEVEL = 0;
				GCC_PREPROCESSOR_DEFINITIONS = (
					"DEBUG=1",
					"$(inherited)",
				);
				GCC_WARN_64_TO_32_BIT_CONVERSION = YES;
				GCC_WARN_ABOUT_RETURN_TYPE = YES_ERROR;
				GCC_WARN_UNDECLARED_SELECTOR = YES;
				GCC_WARN_UNINITIALIZED_AUTOS = YES_AGGRESSIVE;
				GCC_WARN_UNUSED_FUNCTION = YES;
				GCC_WARN_UNUSED_VARIABLE = YES;
				IPHONEOS_DEPLOYMENT_TARGET = 15.0;
				MTL_ENABLE_DEBUG_INFO = INCLUDE_SOURCE;
				MTL_FAST_MATH = YES;
				ONLY_ACTIVE_ARCH = YES;
				SDKROOT = iphoneos;
				SWIFT_ACTIVE_COMPILATION_CONDITIONS = DEBUG;
				SWIFT_OPTIMIZATION_LEVEL = "-Onone";
			};
			name = Debug;
		};
		F505D89527F6C41F008ABC6A /* Release */ = {
			isa = XCBuildConfiguration;
			buildSettings = {
				ALWAYS_SEARCH_USER_PATHS = NO;
				CLANG_ANALYZER_NONNULL = YES;
				CLANG_ANALYZER_NUMBER_OBJECT_CONVERSION = YES_AGGRESSIVE;
				CLANG_CXX_LANGUAGE_STANDARD = "gnu++17";
				CLANG_CXX_LIBRARY = "libc++";
				CLANG_ENABLE_MODULES = YES;
				CLANG_ENABLE_OBJC_ARC = YES;
				CLANG_ENABLE_OBJC_WEAK = YES;
				CLANG_WARN_BLOCK_CAPTURE_AUTORELEASING = YES;
				CLANG_WARN_BOOL_CONVERSION = YES;
				CLANG_WARN_COMMA = YES;
				CLANG_WARN_CONSTANT_CONVERSION = YES;
				CLANG_WARN_DEPRECATED_OBJC_IMPLEMENTATIONS = YES;
				CLANG_WARN_DIRECT_OBJC_ISA_USAGE = YES_ERROR;
				CLANG_WARN_DOCUMENTATION_COMMENTS = YES;
				CLANG_WARN_EMPTY_BODY = YES;
				CLANG_WARN_ENUM_CONVERSION = YES;
				CLANG_WARN_INFINITE_RECURSION = YES;
				CLANG_WARN_INT_CONVERSION = YES;
				CLANG_WARN_NON_LITERAL_NULL_CONVERSION = YES;
				CLANG_WARN_OBJC_IMPLICIT_RETAIN_SELF = YES;
				CLANG_WARN_OBJC_LITERAL_CONVERSION = YES;
				CLANG_WARN_OBJC_ROOT_CLASS = YES_ERROR;
				CLANG_WARN_QUOTED_INCLUDE_IN_FRAMEWORK_HEADER = YES;
				CLANG_WARN_RANGE_LOOP_ANALYSIS = YES;
				CLANG_WARN_STRICT_PROTOTYPES = YES;
				CLANG_WARN_SUSPICIOUS_MOVE = YES;
				CLANG_WARN_UNGUARDED_AVAILABILITY = YES_AGGRESSIVE;
				CLANG_WARN_UNREACHABLE_CODE = YES;
				CLANG_WARN__DUPLICATE_METHOD_MATCH = YES;
				COPY_PHASE_STRIP = NO;
				DEBUG_INFORMATION_FORMAT = "dwarf-with-dsym";
				ENABLE_NS_ASSERTIONS = NO;
				ENABLE_STRICT_OBJC_MSGSEND = YES;
				GCC_C_LANGUAGE_STANDARD = gnu11;
				GCC_NO_COMMON_BLOCKS = YES;
				GCC_WARN_64_TO_32_BIT_CONVERSION = YES;
				GCC_WARN_ABOUT_RETURN_TYPE = YES_ERROR;
				GCC_WARN_UNDECLARED_SELECTOR = YES;
				GCC_WARN_UNINITIALIZED_AUTOS = YES_AGGRESSIVE;
				GCC_WARN_UNUSED_FUNCTION = YES;
				GCC_WARN_UNUSED_VARIABLE = YES;
				IPHONEOS_DEPLOYMENT_TARGET = 15.0;
				MTL_ENABLE_DEBUG_INFO = NO;
				MTL_FAST_MATH = YES;
				SDKROOT = iphoneos;
				SWIFT_COMPILATION_MODE = wholemodule;
				SWIFT_OPTIMIZATION_LEVEL = "-O";
				VALIDATE_PRODUCT = YES;
			};
			name = Release;
		};
		F505D89727F6C41F008ABC6A /* Debug */ = {
			isa = XCBuildConfiguration;
			buildSettings = {
				ASSETCATALOG_COMPILER_APPICON_NAME = AppIcon;
				ASSETCATALOG_COMPILER_GLOBAL_ACCENT_COLOR_NAME = AccentColor;
				CODE_SIGN_STYLE = Automatic;
				CURRENT_PROJECT_VERSION = 1;
				DEVELOPMENT_TEAM = SFS426H3UG;
				GENERATE_INFOPLIST_FILE = YES;
				INFOPLIST_FILE = StudentsDataApp/Info.plist;
				INFOPLIST_KEY_UIApplicationSupportsIndirectInputEvents = YES;
				INFOPLIST_KEY_UILaunchStoryboardName = LaunchScreen;
				INFOPLIST_KEY_UIMainStoryboardFile = Main;
				INFOPLIST_KEY_UISupportedInterfaceOrientations_iPad = "UIInterfaceOrientationPortrait UIInterfaceOrientationPortraitUpsideDown UIInterfaceOrientationLandscapeLeft UIInterfaceOrientationLandscapeRight";
				INFOPLIST_KEY_UISupportedInterfaceOrientations_iPhone = "UIInterfaceOrientationPortrait UIInterfaceOrientationLandscapeLeft UIInterfaceOrientationLandscapeRight";
				LD_RUNPATH_SEARCH_PATHS = (
					"$(inherited)",
					"@executable_path/Frameworks",
				);
				MARKETING_VERSION = 1.0;
				PRODUCT_BUNDLE_IDENTIFIER = com.StudentsDataApp;
				PRODUCT_NAME = "$(TARGET_NAME)";
				SWIFT_EMIT_LOC_STRINGS = YES;
				SWIFT_VERSION = 5.0;
				TARGETED_DEVICE_FAMILY = "1,2";
			};
			name = Debug;
		};
		F505D89827F6C41F008ABC6A /* Release */ = {
			isa = XCBuildConfiguration;
			buildSettings = {
				ASSETCATALOG_COMPILER_APPICON_NAME = AppIcon;
				ASSETCATALOG_COMPILER_GLOBAL_ACCENT_COLOR_NAME = AccentColor;
				CODE_SIGN_STYLE = Automatic;
				CURRENT_PROJECT_VERSION = 1;
				DEVELOPMENT_TEAM = SFS426H3UG;
				GENERATE_INFOPLIST_FILE = YES;
				INFOPLIST_FILE = StudentsDataApp/Info.plist;
				INFOPLIST_KEY_UIApplicationSupportsIndirectInputEvents = YES;
				INFOPLIST_KEY_UILaunchStoryboardName = LaunchScreen;
				INFOPLIST_KEY_UIMainStoryboardFile = Main;
				INFOPLIST_KEY_UISupportedInterfaceOrientations_iPad = "UIInterfaceOrientationPortrait UIInterfaceOrientationPortraitUpsideDown UIInterfaceOrientationLandscapeLeft UIInterfaceOrientationLandscapeRight";
				INFOPLIST_KEY_UISupportedInterfaceOrientations_iPhone = "UIInterfaceOrientationPortrait UIInterfaceOrientationLandscapeLeft UIInterfaceOrientationLandscapeRight";
				LD_RUNPATH_SEARCH_PATHS = (
					"$(inherited)",
					"@executable_path/Frameworks",
				);
				MARKETING_VERSION = 1.0;
				PRODUCT_BUNDLE_IDENTIFIER = com.StudentsDataApp;
				PRODUCT_NAME = "$(TARGET_NAME)";
				SWIFT_EMIT_LOC_STRINGS = YES;
				SWIFT_VERSION = 5.0;
				TARGETED_DEVICE_FAMILY = "1,2";
			};
			name = Release;
		};
/* End XCBuildConfiguration section */

/* Begin XCConfigurationList section */
		F505D87A27F6C41A008ABC6A /* Build configuration list for PBXProject "StudentsDataApp" */ = {
			isa = XCConfigurationList;
			buildConfigurations = (
				F505D89427F6C41F008ABC6A /* Debug */,
				F505D89527F6C41F008ABC6A /* Release */,
			);
			defaultConfigurationIsVisible = 0;
			defaultConfigurationName = Release;
		};
		F505D89627F6C41F008ABC6A /* Build configuration list for PBXNativeTarget "StudentsDataApp" */ = {
			isa = XCConfigurationList;
			buildConfigurations = (
				F505D89727F6C41F008ABC6A /* Debug */,
				F505D89827F6C41F008ABC6A /* Release */,
			);
			defaultConfigurationIsVisible = 0;
			defaultConfigurationName = Release;
		};
/* End XCConfigurationList section */

/* Begin XCVersionGroup section */
		F505D88B27F6C41B008ABC6A /* StudentsDataApp.xcdatamodeld */ = {
			isa = XCVersionGroup;
			children = (
				F505D88C27F6C41B008ABC6A /* StudentsDataApp.xcdatamodel */,
			);
			currentVersion = F505D88C27F6C41B008ABC6A /* StudentsDataApp.xcdatamodel */;
			path = StudentsDataApp.xcdatamodeld;
			sourceTree = "<group>";
			versionGroupType = wrapper.xcdatamodel;
		};
/* End XCVersionGroup section */
	};
	rootObject = F505D87727F6C41A008ABC6A /* Project object */;
}
